
Microsoft Visual Studio Solution File, Format Version 12.00
# Visual Studio 15
VisualStudioVersion = 15.0.27703.2035
MinimumVisualStudioVersion = 10.0.40219.1
Project("{FAE04EC0-301F-11D3-BF4B-00C04F79EFBC}") = "ARSWebAPI", "ARSWebAPI\ARSWebAPI.csproj", "{5929DA67-BF21-4A8E-BB13-3F1C584B5CAE}"
EndProject
Project("{FAE04EC0-301F-11D3-BF4B-00C04F79EFBC}") = "ARSWebMVC", "ARSWebMVC\ARSWebMVC.csproj", "{C302C34B-0096-46F2-9F19-C80A422FF9F9}"
EndProject
Project("{FAE04EC0-301F-11D3-BF4B-00C04F79EFBC}") = "ARSWinForm", "ARSWinForm\ARSWinForm.csproj", "{D283C01A-7C39-4846-931A-212C0E1F55A2}"
EndProject
Project("{FAE04EC0-301F-11D3-BF4B-00C04F79EFBC}") = "ConsoleApp1", "ConsoleApp1\ConsoleApp1.csproj", "{5D08278B-9159-4C09-89C2-84D8FE2D8630}"
EndProject
Global
	GlobalSection(SolutionConfigurationPlatforms) = preSolution
		Debug|Any CPU = Debug|Any CPU
		Release|Any CPU = Release|Any CPU
	EndGlobalSection
	GlobalSection(ProjectConfigurationPlatforms) = postSolution
		{5929DA67-BF21-4A8E-BB13-3F1C584B5CAE}.Debug|Any CPU.ActiveCfg = Debug|Any CPU
		{5929DA67-BF21-4A8E-BB13-3F1C584B5CAE}.Debug|Any CPU.Build.0 = Debug|Any CPU
		{5929DA67-BF21-4A8E-BB13-3F1C584B5CAE}.Release|Any CPU.ActiveCfg = Release|Any CPU
		{5929DA67-BF21-4A8E-BB13-3F1C584B5CAE}.Release|Any CPU.Build.0 = Release|Any CPU
		{C302C34B-0096-46F2-9F19-C80A422FF9F9}.Debug|Any CPU.ActiveCfg = Debug|Any CPU
		{C302C34B-0096-46F2-9F19-C80A422FF9F9}.Debug|Any CPU.Build.0 = Debug|Any CPU
		{C302C34B-0096-46F2-9F19-C80A422FF9F9}.Release|Any CPU.ActiveCfg = Release|Any CPU
		{C302C34B-0096-46F2-9F19-C80A422FF9F9}.Release|Any CPU.Build.0 = Release|Any CPU
		{D283C01A-7C39-4846-931A-212C0E1F55A2}.Debug|Any CPU.ActiveCfg = Debug|Any CPU
		{D283C01A-7C39-4846-931A-212C0E1F55A2}.Debug|Any CPU.Build.0 = Debug|Any CPU
		{D283C01A-7C39-4846-931A-212C0E1F55A2}.Release|Any CPU.ActiveCfg = Release|Any CPU
		{D283C01A-7C39-4846-931A-212C0E1F55A2}.Release|Any CPU.Build.0 = Release|Any CPU
		{5D08278B-9159-4C09-89C2-84D8FE2D8630}.Debug|Any CPU.ActiveCfg = Debug|Any CPU
		{5D08278B-9159-4C09-89C2-84D8FE2D8630}.Debug|Any CPU.Build.0 = Debug|Any CPU
		{5D08278B-9159-4C09-89C2-84D8FE2D8630}.Release|Any CPU.ActiveCfg = Release|Any CPU
		{5D08278B-9159-4C09-89C2-84D8FE2D8630}.Release|Any CPU.Build.0 = Release|Any CPU
	EndGlobalSection
	GlobalSection(SolutionProperties) = preSolution
		HideSolutionNode = FALSE
	EndGlobalSection
	GlobalSection(ExtensibilityGlobals) = postSolution
		SolutionGuid = {B5B80934-D8F8-41DC-95B4-5DB84F750517}
	EndGlobalSection
EndGlobal
