
Microsoft Visual Studio Solution File, Format Version 12.00
# Visual Studio 15
VisualStudioVersion = 15.0.27703.2035
MinimumVisualStudioVersion = 10.0.40219.1
Project("{FAE04EC0-301F-11D3-BF4B-00C04F79EFBC}") = "ARSWebAPI", "ARSWebAPI\ARSWebAPI.csproj", "{5929DA67-BF21-4A8E-BB13-3F1C584B5CAE}"
EndProject
Global
	GlobalSection(SolutionConfigurationPlatforms) = preSolution
		Debug|Any CPU = Debug|Any CPU
		Release|Any CPU = Release|Any CPU
	EndGlobalSection
	GlobalSection(ProjectConfigurationPlatforms) = postSolution
		{5929DA67-BF21-4A8E-BB13-3F1C584B5CAE}.Debug|Any CPU.ActiveCfg = Debug|Any CPU
		{5929DA67-BF21-4A8E-BB13-3F1C584B5CAE}.Debug|Any CPU.Build.0 = Debug|Any CPU
		{5929DA67-BF21-4A8E-BB13-3F1C584B5CAE}.Release|Any CPU.ActiveCfg = Release|Any CPU
		{5929DA67-BF21-4A8E-BB13-3F1C584B5CAE}.Release|Any CPU.Build.0 = Release|Any CPU
	EndGlobalSection
	GlobalSection(SolutionProperties) = preSolution
		HideSolutionNode = FALSE
	EndGlobalSection
	GlobalSection(ExtensibilityGlobals) = postSolution
		SolutionGuid = {B5B80934-D8F8-41DC-95B4-5DB84F750517}
	EndGlobalSection
EndGlobal
